
Microsoft Visual Studio Solution File, Format Version 12.00
# Visual Studio 15
VisualStudioVersion = 15.0.28307.168
MinimumVisualStudioVersion = 10.0.40219.1
Project("{8BC9CEB8-8B4A-11D0-8D11-00A0C91BC942}") = "dx3dv9", "dx3dv9\dx3dv9.vcxproj", "{CBE762AE-8301-404A-B2B3-9A9AB9AF756F}"
EndProject
Global
	GlobalSection(SolutionConfigurationPlatforms) = preSolution
		Debug|x64 = Debug|x64
		Debug|x86 = Debug|x86
		Release|x64 = Release|x64
		Release|x86 = Release|x86
	EndGlobalSection
	GlobalSection(ProjectConfigurationPlatforms) = postSolution
		{CBE762AE-8301-404A-B2B3-9A9AB9AF756F}.Debug|x64.ActiveCfg = Debug|x64
		{CBE762AE-8301-404A-B2B3-9A9AB9AF756F}.Debug|x64.Build.0 = Debug|x64
		{CBE762AE-8301-404A-B2B3-9A9AB9AF756F}.Debug|x86.ActiveCfg = Debug|Win32
		{CBE762AE-8301-404A-B2B3-9A9AB9AF756F}.Debug|x86.Build.0 = Debug|Win32
		{CBE762AE-8301-404A-B2B3-9A9AB9AF756F}.Release|x64.ActiveCfg = Release|x64
		{CBE762AE-8301-404A-B2B3-9A9AB9AF756F}.Release|x64.Build.0 = Release|x64
		{CBE762AE-8301-404A-B2B3-9A9AB9AF756F}.Release|x86.ActiveCfg = Release|Win32
		{CBE762AE-8301-404A-B2B3-9A9AB9AF756F}.Release|x86.Build.0 = Release|Win32
	EndGlobalSection
	GlobalSection(SolutionProperties) = preSolution
		HideSolutionNode = FALSE
	EndGlobalSection
	GlobalSection(ExtensibilityGlobals) = postSolution
		SolutionGuid = {1C4EC4D7-0ED5-43F4-90B7-BE4E8DAC04CB}
	EndGlobalSection
EndGlobal
